
Microsoft Visual Studio Solution File, Format Version 12.00
# Visual Studio Version 16
VisualStudioVersion = 16.0.31613.86
MinimumVisualStudioVersion = 10.0.40219.1
Project("{FAE04EC0-301F-11D3-BF4B-00C04F79EFBC}") = "RandomName", "RandomName.csproj", "{0CEFFD4F-6A4F-4071-9D1F-39051876026E}"
EndProject
Global
	GlobalSection(SolutionConfigurationPlatforms) = preSolution
		Debug|Any CPU = Debug|Any CPU
		Release|Any CPU = Release|Any CPU
	EndGlobalSection
	GlobalSection(ProjectConfigurationPlatforms) = postSolution
		{0CEFFD4F-6A4F-4071-9D1F-39051876026E}.Debug|Any CPU.ActiveCfg = Debug|Any CPU
		{0CEFFD4F-6A4F-4071-9D1F-39051876026E}.Debug|Any CPU.Build.0 = Debug|Any CPU
		{0CEFFD4F-6A4F-4071-9D1F-39051876026E}.Release|Any CPU.ActiveCfg = Release|Any CPU
		{0CEFFD4F-6A4F-4071-9D1F-39051876026E}.Release|Any CPU.Build.0 = Release|Any CPU
	EndGlobalSection
	GlobalSection(SolutionProperties) = preSolution
		HideSolutionNode = FALSE
	EndGlobalSection
	GlobalSection(ExtensibilityGlobals) = postSolution
		SolutionGuid = {54265E39-2843-4143-B4E0-AC74B747BD00}
	EndGlobalSection
EndGlobal
